
Microsoft Visual Studio Solution File, Format Version 12.00
# Visual Studio 14
VisualStudioVersion = 14.0.25420.1
MinimumVisualStudioVersion = 10.0.40219.1
Project("{FAE04EC0-301F-11D3-BF4B-00C04F79EFBC}") = "ItLabs.MyRecipes.UI", "ItLabs.MyRecipes.UI\ItLabs.MyRecipes.UI.csproj", "{E9C9672B-16C5-4DD9-8490-E830E93B3403}"
EndProject
Project("{FAE04EC0-301F-11D3-BF4B-00C04F79EFBC}") = "ItLabs.MyRecipes.Data", "ItLabs.MyRecipes.Data\ItLabs.MyRecipes.Data.csproj", "{3679EB4B-AEB3-4D32-BC12-967A16E0BAC1}"
EndProject
Project("{FAE04EC0-301F-11D3-BF4B-00C04F79EFBC}") = "ItLabs.MyRecipes.Domain", "ItLabs.MyRecipes.Domain\ItLabs.MyRecipes.Domain.csproj", "{96F6B9A4-A33C-4C56-A473-A6132AF6976E}"
EndProject
Global
	GlobalSection(SolutionConfigurationPlatforms) = preSolution
		Debug|Any CPU = Debug|Any CPU
		Release|Any CPU = Release|Any CPU
	EndGlobalSection
	GlobalSection(ProjectConfigurationPlatforms) = postSolution
		{E9C9672B-16C5-4DD9-8490-E830E93B3403}.Debug|Any CPU.ActiveCfg = Debug|Any CPU
		{E9C9672B-16C5-4DD9-8490-E830E93B3403}.Debug|Any CPU.Build.0 = Debug|Any CPU
		{E9C9672B-16C5-4DD9-8490-E830E93B3403}.Release|Any CPU.ActiveCfg = Release|Any CPU
		{E9C9672B-16C5-4DD9-8490-E830E93B3403}.Release|Any CPU.Build.0 = Release|Any CPU
		{3679EB4B-AEB3-4D32-BC12-967A16E0BAC1}.Debug|Any CPU.ActiveCfg = Debug|Any CPU
		{3679EB4B-AEB3-4D32-BC12-967A16E0BAC1}.Debug|Any CPU.Build.0 = Debug|Any CPU
		{3679EB4B-AEB3-4D32-BC12-967A16E0BAC1}.Release|Any CPU.ActiveCfg = Release|Any CPU
		{3679EB4B-AEB3-4D32-BC12-967A16E0BAC1}.Release|Any CPU.Build.0 = Release|Any CPU
		{96F6B9A4-A33C-4C56-A473-A6132AF6976E}.Debug|Any CPU.ActiveCfg = Debug|Any CPU
		{96F6B9A4-A33C-4C56-A473-A6132AF6976E}.Debug|Any CPU.Build.0 = Debug|Any CPU
		{96F6B9A4-A33C-4C56-A473-A6132AF6976E}.Release|Any CPU.ActiveCfg = Release|Any CPU
		{96F6B9A4-A33C-4C56-A473-A6132AF6976E}.Release|Any CPU.Build.0 = Release|Any CPU
	EndGlobalSection
	GlobalSection(SolutionProperties) = preSolution
		HideSolutionNode = FALSE
	EndGlobalSection
EndGlobal
